// !$*UTF8*$!
{
	archiveVersion = 1;
	classes = {
	};
	objectVersion = 51;
	objects = {

/* Begin PBXBuildFile section */
		4300117F24F7094F004A5596 /* NavView.swift in Sources */ = {isa = PBXBuildFile; fileRef = 4300117E24F7094F004A5596 /* NavView.swift */; };
		4300118124F70F80004A5596 /* MessagesView.swift in Sources */ = {isa = PBXBuildFile; fileRef = 4300118024F70F80004A5596 /* MessagesView.swift */; };
		4300118424F70FCA004A5596 /* ProfileView.swift in Sources */ = {isa = PBXBuildFile; fileRef = 4300118324F70FCA004A5596 /* ProfileView.swift */; };
		431B079C24F71190001D23E0 /* FindUsersView.swift in Sources */ = {isa = PBXBuildFile; fileRef = 431B079B24F71190001D23E0 /* FindUsersView.swift */; };
		431B079F24F711DD001D23E0 /* SetUpAccount.swift in Sources */ = {isa = PBXBuildFile; fileRef = 431B079E24F711DD001D23E0 /* SetUpAccount.swift */; };
		431B07A124F71445001D23E0 /* UserDataExists.swift in Sources */ = {isa = PBXBuildFile; fileRef = 431B07A024F71445001D23E0 /* UserDataExists.swift */; };
		431E5C2524F9D2C300DE6C07 /* constants.swift in Sources */ = {isa = PBXBuildFile; fileRef = 431E5C2424F9D2C300DE6C07 /* constants.swift */; };
		433C283624F9AA5E00748E36 /* ChatMessageView.swift in Sources */ = {isa = PBXBuildFile; fileRef = 433C283524F9AA5E00748E36 /* ChatMessageView.swift */; };
		4388AE5B24D394AD00A7EC11 /* BitMessengerApp.swift in Sources */ = {isa = PBXBuildFile; fileRef = 4388AE5A24D394AD00A7EC11 /* BitMessengerApp.swift */; };
		4388AE5D24D394AD00A7EC11 /* ContentView.swift in Sources */ = {isa = PBXBuildFile; fileRef = 4388AE5C24D394AD00A7EC11 /* ContentView.swift */; };
		4388AE5F24D394AE00A7EC11 /* Assets.xcassets in Resources */ = {isa = PBXBuildFile; fileRef = 4388AE5E24D394AE00A7EC11 /* Assets.xcassets */; };
		4388AE6224D394AE00A7EC11 /* Preview Assets.xcassets in Resources */ = {isa = PBXBuildFile; fileRef = 4388AE6124D394AE00A7EC11 /* Preview Assets.xcassets */; };
		4388AE6A24D3962200A7EC11 /* SessionStore.swift in Sources */ = {isa = PBXBuildFile; fileRef = 4388AE6924D3962200A7EC11 /* SessionStore.swift */; };
		4388AE6C24D3968F00A7EC11 /* AuthView.swift in Sources */ = {isa = PBXBuildFile; fileRef = 4388AE6B24D3968F00A7EC11 /* AuthView.swift */; };
		4388AE6E24D3991300A7EC11 /* GoogleService-Info.plist in Resources */ = {isa = PBXBuildFile; fileRef = 4388AE6D24D3991300A7EC11 /* GoogleService-Info.plist */; };
		4388AE7024D3997300A7EC11 /* HomeView.swift in Sources */ = {isa = PBXBuildFile; fileRef = 4388AE6F24D3997300A7EC11 /* HomeView.swift */; };
		C6104CE1D0D106DAC2FFFC64 /* Pods_BitMessenger.framework in Frameworks */ = {isa = PBXBuildFile; fileRef = A7144E7CCAEA0447D5C73BDB /* Pods_BitMessenger.framework */; };
/* End PBXBuildFile section */

/* Begin PBXFileReference section */
		4300117E24F7094F004A5596 /* NavView.swift */ = {isa = PBXFileReference; lastKnownFileType = sourcecode.swift; path = NavView.swift; sourceTree = "<group>"; };
		4300118024F70F80004A5596 /* MessagesView.swift */ = {isa = PBXFileReference; lastKnownFileType = sourcecode.swift; path = MessagesView.swift; sourceTree = "<group>"; };
		4300118324F70FCA004A5596 /* ProfileView.swift */ = {isa = PBXFileReference; lastKnownFileType = sourcecode.swift; path = ProfileView.swift; sourceTree = "<group>"; };
		431B079B24F71190001D23E0 /* FindUsersView.swift */ = {isa = PBXFileReference; lastKnownFileType = sourcecode.swift; path = FindUsersView.swift; sourceTree = "<group>"; };
		431B079E24F711DD001D23E0 /* SetUpAccount.swift */ = {isa = PBXFileReference; lastKnownFileType = sourcecode.swift; path = SetUpAccount.swift; sourceTree = "<group>"; };
		431B07A024F71445001D23E0 /* UserDataExists.swift */ = {isa = PBXFileReference; lastKnownFileType = sourcecode.swift; path = UserDataExists.swift; sourceTree = "<group>"; };
		431E5C2424F9D2C300DE6C07 /* constants.swift */ = {isa = PBXFileReference; lastKnownFileType = sourcecode.swift; path = constants.swift; sourceTree = "<group>"; };
		433C283524F9AA5E00748E36 /* ChatMessageView.swift */ = {isa = PBXFileReference; lastKnownFileType = sourcecode.swift; path = ChatMessageView.swift; sourceTree = "<group>"; };
		4388AE5724D394AD00A7EC11 /* BitMessenger.app */ = {isa = PBXFileReference; explicitFileType = wrapper.application; includeInIndex = 0; path = BitMessenger.app; sourceTree = BUILT_PRODUCTS_DIR; };
		4388AE5A24D394AD00A7EC11 /* BitMessengerApp.swift */ = {isa = PBXFileReference; lastKnownFileType = sourcecode.swift; path = BitMessengerApp.swift; sourceTree = "<group>"; };
		4388AE5C24D394AD00A7EC11 /* ContentView.swift */ = {isa = PBXFileReference; lastKnownFileType = sourcecode.swift; path = ContentView.swift; sourceTree = "<group>"; };
		4388AE5E24D394AE00A7EC11 /* Assets.xcassets */ = {isa = PBXFileReference; lastKnownFileType = folder.assetcatalog; path = Assets.xcassets; sourceTree = "<group>"; };
		4388AE6124D394AE00A7EC11 /* Preview Assets.xcassets */ = {isa = PBXFileReference; lastKnownFileType = folder.assetcatalog; path = "Preview Assets.xcassets"; sourceTree = "<group>"; };
		4388AE6324D394AE00A7EC11 /* Info.plist */ = {isa = PBXFileReference; lastKnownFileType = text.plist.xml; path = Info.plist; sourceTree = "<group>"; };
		4388AE6924D3962200A7EC11 /* SessionStore.swift */ = {isa = PBXFileReference; lastKnownFileType = sourcecode.swift; name = SessionStore.swift; path = "../New Group/SessionStore.swift"; sourceTree = "<group>"; };
		4388AE6B24D3968F00A7EC11 /* AuthView.swift */ = {isa = PBXFileReference; lastKnownFileType = sourcecode.swift; path = AuthView.swift; sourceTree = "<group>"; };
		4388AE6D24D3991300A7EC11 /* GoogleService-Info.plist */ = {isa = PBXFileReference; fileEncoding = 4; lastKnownFileType = text.plist.xml; path = "GoogleService-Info.plist"; sourceTree = "<group>"; };
		4388AE6F24D3997300A7EC11 /* HomeView.swift */ = {isa = PBXFileReference; lastKnownFileType = sourcecode.swift; path = HomeView.swift; sourceTree = "<group>"; };
		6A994E2EAEE89BAF7B0B20C2 /* Pods-BitMessenger.debug.xcconfig */ = {isa = PBXFileReference; includeInIndex = 1; lastKnownFileType = text.xcconfig; name = "Pods-BitMessenger.debug.xcconfig"; path = "Target Support Files/Pods-BitMessenger/Pods-BitMessenger.debug.xcconfig"; sourceTree = "<group>"; };
		984C425DB746DC91D9C5B615 /* Pods-BitMessenger.release.xcconfig */ = {isa = PBXFileReference; includeInIndex = 1; lastKnownFileType = text.xcconfig; name = "Pods-BitMessenger.release.xcconfig"; path = "Target Support Files/Pods-BitMessenger/Pods-BitMessenger.release.xcconfig"; sourceTree = "<group>"; };
		A7144E7CCAEA0447D5C73BDB /* Pods_BitMessenger.framework */ = {isa = PBXFileReference; explicitFileType = wrapper.framework; includeInIndex = 0; path = Pods_BitMessenger.framework; sourceTree = BUILT_PRODUCTS_DIR; };
/* End PBXFileReference section */

/* Begin PBXFrameworksBuildPhase section */
		4388AE5424D394AD00A7EC11 /* Frameworks */ = {
			isa = PBXFrameworksBuildPhase;
			buildActionMask = 2147483647;
			files = (
				C6104CE1D0D106DAC2FFFC64 /* Pods_BitMessenger.framework in Frameworks */,
			);
			runOnlyForDeploymentPostprocessing = 0;
		};
/* End PBXFrameworksBuildPhase section */

/* Begin PBXGroup section */
		4300118224F70F92004A5596 /* Tab Screens */ = {
			isa = PBXGroup;
			children = (
				4388AE6F24D3997300A7EC11 /* HomeView.swift */,
				4300118024F70F80004A5596 /* MessagesView.swift */,
				4300118324F70FCA004A5596 /* ProfileView.swift */,
			);
			name = "Tab Screens";
			path = ..;
			sourceTree = "<group>";
		};
		4300118524F70FD5004A5596 /* Core */ = {
			isa = PBXGroup;
			children = (
				431B07A024F71445001D23E0 /* UserDataExists.swift */,
				4388AE5A24D394AD00A7EC11 /* BitMessengerApp.swift */,
				4300117E24F7094F004A5596 /* NavView.swift */,
				4388AE5C24D394AD00A7EC11 /* ContentView.swift */,
			);
			path = Core;
			sourceTree = "<group>";
		};
		431B079A24F7102E001D23E0 /* Firebase */ = {
			isa = PBXGroup;
			children = (
				4388AE6B24D3968F00A7EC11 /* AuthView.swift */,
				4388AE6924D3962200A7EC11 /* SessionStore.swift */,
			);
			path = Firebase;
			sourceTree = "<group>";
		};
		431B079D24F7119C001D23E0 /* Views */ = {
			isa = PBXGroup;
			children = (
				431B079B24F71190001D23E0 /* FindUsersView.swift */,
				431B079E24F711DD001D23E0 /* SetUpAccount.swift */,
				433C283524F9AA5E00748E36 /* ChatMessageView.swift */,
				431E5C2424F9D2C300DE6C07 /* constants.swift */,
			);
			path = Views;
			sourceTree = "<group>";
		};
		4388AE4E24D394AD00A7EC11 = {
			isa = PBXGroup;
			children = (
				4388AE5924D394AD00A7EC11 /* BitMessenger */,
				4388AE5824D394AD00A7EC11 /* Products */,
				F2DFDDDE760F209F49F02622 /* Pods */,
				96E804FBC53C2B86B933A1B9 /* Frameworks */,
			);
			sourceTree = "<group>";
		};
		4388AE5824D394AD00A7EC11 /* Products */ = {
			isa = PBXGroup;
			children = (
				4388AE5724D394AD00A7EC11 /* BitMessenger.app */,
			);
			name = Products;
			sourceTree = "<group>";
		};
		4388AE5924D394AD00A7EC11 /* BitMessenger */ = {
			isa = PBXGroup;
			children = (
				431B079D24F7119C001D23E0 /* Views */,
				4300118224F70F92004A5596 /* Tab Screens */,
				4300118524F70FD5004A5596 /* Core */,
				431B079A24F7102E001D23E0 /* Firebase */,
				4388AE5E24D394AE00A7EC11 /* Assets.xcassets */,
				4388AE6324D394AE00A7EC11 /* Info.plist */,
				4388AE6D24D3991300A7EC11 /* GoogleService-Info.plist */,
				4388AE6024D394AE00A7EC11 /* Preview Content */,
			);
			path = BitMessenger;
			sourceTree = "<group>";
		};
		4388AE6024D394AE00A7EC11 /* Preview Content */ = {
			isa = PBXGroup;
			children = (
				4388AE6124D394AE00A7EC11 /* Preview Assets.xcassets */,
			);
			path = "Preview Content";
			sourceTree = "<group>";
		};
		96E804FBC53C2B86B933A1B9 /* Frameworks */ = {
			isa = PBXGroup;
			children = (
				A7144E7CCAEA0447D5C73BDB /* Pods_BitMessenger.framework */,
			);
			name = Frameworks;
			sourceTree = "<group>";
		};
		F2DFDDDE760F209F49F02622 /* Pods */ = {
			isa = PBXGroup;
			children = (
				6A994E2EAEE89BAF7B0B20C2 /* Pods-BitMessenger.debug.xcconfig */,
				984C425DB746DC91D9C5B615 /* Pods-BitMessenger.release.xcconfig */,
			);
			path = Pods;
			sourceTree = "<group>";
		};
/* End PBXGroup section */

/* Begin PBXNativeTarget section */
		4388AE5624D394AD00A7EC11 /* BitMessenger */ = {
			isa = PBXNativeTarget;
			buildConfigurationList = 4388AE6624D394AE00A7EC11 /* Build configuration list for PBXNativeTarget "BitMessenger" */;
			buildPhases = (
				605F97E13F43FAE10D33738F /* [CP] Check Pods Manifest.lock */,
				4388AE5324D394AD00A7EC11 /* Sources */,
				4388AE5424D394AD00A7EC11 /* Frameworks */,
				4388AE5524D394AD00A7EC11 /* Resources */,
				67DAD74726BF44510698D696 /* [CP] Embed Pods Frameworks */,
			);
			buildRules = (
			);
			dependencies = (
			);
			name = BitMessenger;
			productName = BitMessenger;
			productReference = 4388AE5724D394AD00A7EC11 /* BitMessenger.app */;
			productType = "com.apple.product-type.application";
		};
/* End PBXNativeTarget section */

/* Begin PBXProject section */
		4388AE4F24D394AD00A7EC11 /* Project object */ = {
			isa = PBXProject;
			attributes = {
				LastSwiftUpdateCheck = 1200;
				LastUpgradeCheck = 1200;
				TargetAttributes = {
					4388AE5624D394AD00A7EC11 = {
						CreatedOnToolsVersion = 12.0;
					};
				};
			};
			buildConfigurationList = 4388AE5224D394AD00A7EC11 /* Build configuration list for PBXProject "BitMessenger" */;
			compatibilityVersion = "Xcode 9.3";
			developmentRegion = en;
			hasScannedForEncodings = 0;
			knownRegions = (
				en,
				Base,
			);
			mainGroup = 4388AE4E24D394AD00A7EC11;
			productRefGroup = 4388AE5824D394AD00A7EC11 /* Products */;
			projectDirPath = "";
			projectRoot = "";
			targets = (
				4388AE5624D394AD00A7EC11 /* BitMessenger */,
			);
		};
/* End PBXProject section */

/* Begin PBXResourcesBuildPhase section */
		4388AE5524D394AD00A7EC11 /* Resources */ = {
			isa = PBXResourcesBuildPhase;
			buildActionMask = 2147483647;
			files = (
				4388AE6224D394AE00A7EC11 /* Preview Assets.xcassets in Resources */,
				4388AE6E24D3991300A7EC11 /* GoogleService-Info.plist in Resources */,
				4388AE5F24D394AE00A7EC11 /* Assets.xcassets in Resources */,
			);
			runOnlyForDeploymentPostprocessing = 0;
		};
/* End PBXResourcesBuildPhase section */

/* Begin PBXShellScriptBuildPhase section */
		605F97E13F43FAE10D33738F /* [CP] Check Pods Manifest.lock */ = {
			isa = PBXShellScriptBuildPhase;
			buildActionMask = 2147483647;
			files = (
			);
			inputFileListPaths = (
			);
			inputPaths = (
				"${PODS_PODFILE_DIR_PATH}/Podfile.lock",
				"${PODS_ROOT}/Manifest.lock",
			);
			name = "[CP] Check Pods Manifest.lock";
			outputFileListPaths = (
			);
			outputPaths = (
				"$(DERIVED_FILE_DIR)/Pods-BitMessenger-checkManifestLockResult.txt",
			);
			runOnlyForDeploymentPostprocessing = 0;
			shellPath = /bin/sh;
			shellScript = "diff \"${PODS_PODFILE_DIR_PATH}/Podfile.lock\" \"${PODS_ROOT}/Manifest.lock\" > /dev/null\nif [ $? != 0 ] ; then\n    # print error to STDERR\n    echo \"error: The sandbox is not in sync with the Podfile.lock. Run 'pod install' or update your CocoaPods installation.\" >&2\n    exit 1\nfi\n# This output is used by Xcode 'outputs' to avoid re-running this script phase.\necho \"SUCCESS\" > \"${SCRIPT_OUTPUT_FILE_0}\"\n";
			showEnvVarsInLog = 0;
		};
		67DAD74726BF44510698D696 /* [CP] Embed Pods Frameworks */ = {
			isa = PBXShellScriptBuildPhase;
			buildActionMask = 2147483647;
			files = (
			);
			inputFileListPaths = (
				"${PODS_ROOT}/Target Support Files/Pods-BitMessenger/Pods-BitMessenger-frameworks-${CONFIGURATION}-input-files.xcfilelist",
			);
			name = "[CP] Embed Pods Frameworks";
			outputFileListPaths = (
				"${PODS_ROOT}/Target Support Files/Pods-BitMessenger/Pods-BitMessenger-frameworks-${CONFIGURATION}-output-files.xcfilelist",
			);
			runOnlyForDeploymentPostprocessing = 0;
			shellPath = /bin/sh;
			shellScript = "\"${PODS_ROOT}/Target Support Files/Pods-BitMessenger/Pods-BitMessenger-frameworks.sh\"\n";
			showEnvVarsInLog = 0;
		};
/* End PBXShellScriptBuildPhase section */

/* Begin PBXSourcesBuildPhase section */
		4388AE5324D394AD00A7EC11 /* Sources */ = {
			isa = PBXSourcesBuildPhase;
			buildActionMask = 2147483647;
			files = (
				433C283624F9AA5E00748E36 /* ChatMessageView.swift in Sources */,
				4300118424F70FCA004A5596 /* ProfileView.swift in Sources */,
				4388AE5D24D394AD00A7EC11 /* ContentView.swift in Sources */,
				4388AE5B24D394AD00A7EC11 /* BitMessengerApp.swift in Sources */,
				431B079F24F711DD001D23E0 /* SetUpAccount.swift in Sources */,
				4388AE6C24D3968F00A7EC11 /* AuthView.swift in Sources */,
				431E5C2524F9D2C300DE6C07 /* constants.swift in Sources */,
				4388AE7024D3997300A7EC11 /* HomeView.swift in Sources */,
				4300118124F70F80004A5596 /* MessagesView.swift in Sources */,
				4300117F24F7094F004A5596 /* NavView.swift in Sources */,
				431B07A124F71445001D23E0 /* UserDataExists.swift in Sources */,
				431B079C24F71190001D23E0 /* FindUsersView.swift in Sources */,
				4388AE6A24D3962200A7EC11 /* SessionStore.swift in Sources */,
			);
			runOnlyForDeploymentPostprocessing = 0;
		};
/* End PBXSourcesBuildPhase section */

/* Begin XCBuildConfiguration section */
		4388AE6424D394AE00A7EC11 /* Debug */ = {
			isa = XCBuildConfiguration;
			buildSettings = {
				ALWAYS_SEARCH_USER_PATHS = NO;
				CLANG_ANALYZER_NONNULL = YES;
				CLANG_ANALYZER_NUMBER_OBJECT_CONVERSION = YES_AGGRESSIVE;
				CLANG_CXX_LANGUAGE_STANDARD = "gnu++14";
				CLANG_CXX_LIBRARY = "libc++";
				CLANG_ENABLE_MODULES = YES;
				CLANG_ENABLE_OBJC_ARC = YES;
				CLANG_ENABLE_OBJC_WEAK = YES;
				CLANG_WARN_BLOCK_CAPTURE_AUTORELEASING = YES;
				CLANG_WARN_BOOL_CONVERSION = YES;
				CLANG_WARN_COMMA = YES;
				CLANG_WARN_CONSTANT_CONVERSION = YES;
				CLANG_WARN_DEPRECATED_OBJC_IMPLEMENTATIONS = YES;
				CLANG_WARN_DIRECT_OBJC_ISA_USAGE = YES_ERROR;
				CLANG_WARN_DOCUMENTATION_COMMENTS = YES;
				CLANG_WARN_EMPTY_BODY = YES;
				CLANG_WARN_ENUM_CONVERSION = YES;
				CLANG_WARN_INFINITE_RECURSION = YES;
				CLANG_WARN_INT_CONVERSION = YES;
				CLANG_WARN_NON_LITERAL_NULL_CONVERSION = YES;
				CLANG_WARN_OBJC_IMPLICIT_RETAIN_SELF = YES;
				CLANG_WARN_OBJC_LITERAL_CONVERSION = YES;
				CLANG_WARN_OBJC_ROOT_CLASS = YES_ERROR;
				CLANG_WARN_QUOTED_INCLUDE_IN_FRAMEWORK_HEADER = YES;
				CLANG_WARN_RANGE_LOOP_ANALYSIS = YES;
				CLANG_WARN_STRICT_PROTOTYPES = YES;
				CLANG_WARN_SUSPICIOUS_MOVE = YES;
				CLANG_WARN_UNGUARDED_AVAILABILITY = YES_AGGRESSIVE;
				CLANG_WARN_UNREACHABLE_CODE = YES;
				CLANG_WARN__DUPLICATE_METHOD_MATCH = YES;
				COPY_PHASE_STRIP = NO;
				DEBUG_INFORMATION_FORMAT = dwarf;
				ENABLE_STRICT_OBJC_MSGSEND = YES;
				ENABLE_TESTABILITY = YES;
				GCC_C_LANGUAGE_STANDARD = gnu11;
				GCC_DYNAMIC_NO_PIC = NO;
				GCC_NO_COMMON_BLOCKS = YES;
				GCC_OPTIMIZATION_LEVEL = 0;
				GCC_PREPROCESSOR_DEFINITIONS = (
					"DEBUG=1",
					"$(inherited)",
				);
				GCC_WARN_64_TO_32_BIT_CONVERSION = YES;
				GCC_WARN_ABOUT_RETURN_TYPE = YES_ERROR;
				GCC_WARN_UNDECLARED_SELECTOR = YES;
				GCC_WARN_UNINITIALIZED_AUTOS = YES_AGGRESSIVE;
				GCC_WARN_UNUSED_FUNCTION = YES;
				GCC_WARN_UNUSED_VARIABLE = YES;
				IPHONEOS_DEPLOYMENT_TARGET = 14.0;
				MTL_ENABLE_DEBUG_INFO = INCLUDE_SOURCE;
				MTL_FAST_MATH = YES;
				ONLY_ACTIVE_ARCH = YES;
				SDKROOT = iphoneos;
				SWIFT_ACTIVE_COMPILATION_CONDITIONS = DEBUG;
				SWIFT_OPTIMIZATION_LEVEL = "-Onone";
			};
			name = Debug;
		};
		4388AE6524D394AE00A7EC11 /* Release */ = {
			isa = XCBuildConfiguration;
			buildSettings = {
				ALWAYS_SEARCH_USER_PATHS = NO;
				CLANG_ANALYZER_NONNULL = YES;
				CLANG_ANALYZER_NUMBER_OBJECT_CONVERSION = YES_AGGRESSIVE;
				CLANG_CXX_LANGUAGE_STANDARD = "gnu++14";
				CLANG_CXX_LIBRARY = "libc++";
				CLANG_ENABLE_MODULES = YES;
				CLANG_ENABLE_OBJC_ARC = YES;
				CLANG_ENABLE_OBJC_WEAK = YES;
				CLANG_WARN_BLOCK_CAPTURE_AUTORELEASING = YES;
				CLANG_WARN_BOOL_CONVERSION = YES;
				CLANG_WARN_COMMA = YES;
				CLANG_WARN_CONSTANT_CONVERSION = YES;
				CLANG_WARN_DEPRECATED_OBJC_IMPLEMENTATIONS = YES;
				CLANG_WARN_DIRECT_OBJC_ISA_USAGE = YES_ERROR;
				CLANG_WARN_DOCUMENTATION_COMMENTS = YES;
				CLANG_WARN_EMPTY_BODY = YES;
				CLANG_WARN_ENUM_CONVERSION = YES;
				CLANG_WARN_INFINITE_RECURSION = YES;
				CLANG_WARN_INT_CONVERSION = YES;
				CLANG_WARN_NON_LITERAL_NULL_CONVERSION = YES;
				CLANG_WARN_OBJC_IMPLICIT_RETAIN_SELF = YES;
				CLANG_WARN_OBJC_LITERAL_CONVERSION = YES;
				CLANG_WARN_OBJC_ROOT_CLASS = YES_ERROR;
				CLANG_WARN_QUOTED_INCLUDE_IN_FRAMEWORK_HEADER = YES;
				CLANG_WARN_RANGE_LOOP_ANALYSIS = YES;
				CLANG_WARN_STRICT_PROTOTYPES = YES;
				CLANG_WARN_SUSPICIOUS_MOVE = YES;
				CLANG_WARN_UNGUARDED_AVAILABILITY = YES_AGGRESSIVE;
				CLANG_WARN_UNREACHABLE_CODE = YES;
				CLANG_WARN__DUPLICATE_METHOD_MATCH = YES;
				COPY_PHASE_STRIP = NO;
				DEBUG_INFORMATION_FORMAT = "dwarf-with-dsym";
				ENABLE_NS_ASSERTIONS = NO;
				ENABLE_STRICT_OBJC_MSGSEND = YES;
				GCC_C_LANGUAGE_STANDARD = gnu11;
				GCC_NO_COMMON_BLOCKS = YES;
				GCC_WARN_64_TO_32_BIT_CONVERSION = YES;
				GCC_WARN_ABOUT_RETURN_TYPE = YES_ERROR;
				GCC_WARN_UNDECLARED_SELECTOR = YES;
				GCC_WARN_UNINITIALIZED_AUTOS = YES_AGGRESSIVE;
				GCC_WARN_UNUSED_FUNCTION = YES;
				GCC_WARN_UNUSED_VARIABLE = YES;
				IPHONEOS_DEPLOYMENT_TARGET = 14.0;
				MTL_ENABLE_DEBUG_INFO = NO;
				MTL_FAST_MATH = YES;
				SDKROOT = iphoneos;
				SWIFT_COMPILATION_MODE = wholemodule;
				SWIFT_OPTIMIZATION_LEVEL = "-O";
				VALIDATE_PRODUCT = YES;
			};
			name = Release;
		};
		4388AE6724D394AE00A7EC11 /* Debug */ = {
			isa = XCBuildConfiguration;
			baseConfigurationReference = 6A994E2EAEE89BAF7B0B20C2 /* Pods-BitMessenger.debug.xcconfig */;
			buildSettings = {
				ASSETCATALOG_COMPILER_APPICON_NAME = AppIcon;
				ASSETCATALOG_COMPILER_GLOBAL_ACCENT_COLOR_NAME = AccentColor;
				CODE_SIGN_STYLE = Automatic;
				DEVELOPMENT_ASSET_PATHS = "\"BitMessenger/Preview Content\"";
				DEVELOPMENT_TEAM = 39DWUJUUQ3;
				ENABLE_PREVIEWS = YES;
				INFOPLIST_FILE = BitMessenger/Info.plist;
				IPHONEOS_DEPLOYMENT_TARGET = 14.0;
				LD_RUNPATH_SEARCH_PATHS = (
					"$(inherited)",
					"@executable_path/Frameworks",
				);
				PRODUCT_BUNDLE_IDENTIFIER = com.Azyles.BitMessenger;
				PRODUCT_NAME = "$(TARGET_NAME)";
				SWIFT_VERSION = 5.0;
				TARGETED_DEVICE_FAMILY = "1,2";
			};
			name = Debug;
		};
		4388AE6824D394AE00A7EC11 /* Release */ = {
			isa = XCBuildConfiguration;
			baseConfigurationReference = 984C425DB746DC91D9C5B615 /* Pods-BitMessenger.release.xcconfig */;
			buildSettings = {
				ASSETCATALOG_COMPILER_APPICON_NAME = AppIcon;
				ASSETCATALOG_COMPILER_GLOBAL_ACCENT_COLOR_NAME = AccentColor;
				CODE_SIGN_STYLE = Automatic;
				DEVELOPMENT_ASSET_PATHS = "\"BitMessenger/Preview Content\"";
				DEVELOPMENT_TEAM = 39DWUJUUQ3;
				ENABLE_PREVIEWS = YES;
				INFOPLIST_FILE = BitMessenger/Info.plist;
				IPHONEOS_DEPLOYMENT_TARGET = 14.0;
				LD_RUNPATH_SEARCH_PATHS = (
					"$(inherited)",
					"@executable_path/Frameworks",
				);
				PRODUCT_BUNDLE_IDENTIFIER = com.Azyles.BitMessenger;
				PRODUCT_NAME = "$(TARGET_NAME)";
				SWIFT_VERSION = 5.0;
				TARGETED_DEVICE_FAMILY = "1,2";
			};
			name = Release;
		};
/* End XCBuildConfiguration section */

/* Begin XCConfigurationList section */
		4388AE5224D394AD00A7EC11 /* Build configuration list for PBXProject "BitMessenger" */ = {
			isa = XCConfigurationList;
			buildConfigurations = (
				4388AE6424D394AE00A7EC11 /* Debug */,
				4388AE6524D394AE00A7EC11 /* Release */,
			);
			defaultConfigurationIsVisible = 0;
			defaultConfigurationName = Release;
		};
		4388AE6624D394AE00A7EC11 /* Build configuration list for PBXNativeTarget "BitMessenger" */ = {
			isa = XCConfigurationList;
			buildConfigurations = (
				4388AE6724D394AE00A7EC11 /* Debug */,
				4388AE6824D394AE00A7EC11 /* Release */,
			);
			defaultConfigurationIsVisible = 0;
			defaultConfigurationName = Release;
		};
/* End XCConfigurationList section */
	};
	rootObject = 4388AE4F24D394AD00A7EC11 /* Project object */;
}
